
Microsoft Visual Studio Solution File, Format Version 12.00
# Visual Studio Version 16
VisualStudioVersion = 16.0.29728.190
MinimumVisualStudioVersion = 10.0.40219.1
Project("{FAE04EC0-301F-11D3-BF4B-00C04F79EFBC}") = "modul1", "ITCollege\modul1.csproj", "{9C1D654A-F477-4ADE-A419-8E2749831695}"
EndProject
Global
	GlobalSection(SolutionConfigurationPlatforms) = preSolution
		Debug|Any CPU = Debug|Any CPU
		Release|Any CPU = Release|Any CPU
	EndGlobalSection
	GlobalSection(ProjectConfigurationPlatforms) = postSolution
		{9C1D654A-F477-4ADE-A419-8E2749831695}.Debug|Any CPU.ActiveCfg = Debug|Any CPU
		{9C1D654A-F477-4ADE-A419-8E2749831695}.Debug|Any CPU.Build.0 = Debug|Any CPU
		{9C1D654A-F477-4ADE-A419-8E2749831695}.Release|Any CPU.ActiveCfg = Release|Any CPU
		{9C1D654A-F477-4ADE-A419-8E2749831695}.Release|Any CPU.Build.0 = Release|Any CPU
	EndGlobalSection
	GlobalSection(SolutionProperties) = preSolution
		HideSolutionNode = FALSE
	EndGlobalSection
	GlobalSection(ExtensibilityGlobals) = postSolution
		SolutionGuid = {A4990BFB-5F9A-4313-946F-19FE31548AAA}
	EndGlobalSection
EndGlobal
